
Microsoft Visual Studio Solution File, Format Version 12.00
# Visual Studio Version 17
VisualStudioVersion = 17.7.34221.43
MinimumVisualStudioVersion = 10.0.40219.1
Project("{FAE04EC0-301F-11D3-BF4B-00C04F79EFBC}") = "Lab1", "Lab1\Lab1.csproj", "{396F8983-C97E-487C-90BB-2032E79F58F0}"
EndProject
Project("{9A19103F-16F7-4668-BE54-9A1E7A4F7556}") = "Tests", "Tests\Tests.csproj", "{ADB7D0A9-80DB-4ED5-865C-02BF3C0BB393}"
EndProject
Project("{FAE04EC0-301F-11D3-BF4B-00C04F79EFBC}") = "TestProject1", "TestProject1\TestProject1.csproj", "{CF1485FA-65E3-43D1-A96B-9C4AC6EA53DB}"
EndProject
Global
	GlobalSection(SolutionConfigurationPlatforms) = preSolution
		Debug|Any CPU = Debug|Any CPU
		Release|Any CPU = Release|Any CPU
	EndGlobalSection
	GlobalSection(ProjectConfigurationPlatforms) = postSolution
		{396F8983-C97E-487C-90BB-2032E79F58F0}.Debug|Any CPU.ActiveCfg = Debug|Any CPU
		{396F8983-C97E-487C-90BB-2032E79F58F0}.Debug|Any CPU.Build.0 = Debug|Any CPU
		{396F8983-C97E-487C-90BB-2032E79F58F0}.Release|Any CPU.ActiveCfg = Release|Any CPU
		{396F8983-C97E-487C-90BB-2032E79F58F0}.Release|Any CPU.Build.0 = Release|Any CPU
		{ADB7D0A9-80DB-4ED5-865C-02BF3C0BB393}.Debug|Any CPU.ActiveCfg = Debug|Any CPU
		{ADB7D0A9-80DB-4ED5-865C-02BF3C0BB393}.Debug|Any CPU.Build.0 = Debug|Any CPU
		{ADB7D0A9-80DB-4ED5-865C-02BF3C0BB393}.Release|Any CPU.ActiveCfg = Release|Any CPU
		{ADB7D0A9-80DB-4ED5-865C-02BF3C0BB393}.Release|Any CPU.Build.0 = Release|Any CPU
		{CF1485FA-65E3-43D1-A96B-9C4AC6EA53DB}.Debug|Any CPU.ActiveCfg = Debug|Any CPU
		{CF1485FA-65E3-43D1-A96B-9C4AC6EA53DB}.Debug|Any CPU.Build.0 = Debug|Any CPU
		{CF1485FA-65E3-43D1-A96B-9C4AC6EA53DB}.Release|Any CPU.ActiveCfg = Release|Any CPU
		{CF1485FA-65E3-43D1-A96B-9C4AC6EA53DB}.Release|Any CPU.Build.0 = Release|Any CPU
	EndGlobalSection
	GlobalSection(SolutionProperties) = preSolution
		HideSolutionNode = FALSE
	EndGlobalSection
	GlobalSection(ExtensibilityGlobals) = postSolution
		SolutionGuid = {5FC63882-019E-4B2B-B9CB-D5A9AFEF5383}
	EndGlobalSection
EndGlobal
